{
    "hash": "deecfd2107246292b87f3b3e8d77638452add0ec",
    "plugins": [
        {
            "name": "akismet",
            "src": "git@github.com:dxw-wordpress-plugins/akismet",
            "revision": "f381147af2010e3e0d1011679dc59a2406333326"
        },
        {
            "name": "advanced-custom-fields-pro",
            "src": "git@github.com:dxw-wordpress-plugins/advanced-custom-fields-pro",
            "revision": "547457df09e7d6a4cffea7f688eb847d572e7213"
        }
    ]
}
