{
    "hash": "535b1c9fb1fdb67ab796591ab35010ef32933279",
    "plugins": [
        {
            "name": "akismet",
            "src": "git@github.com:dxw-wordpress-plugins/akismet",
            "revision": "8c7ad2b982bae5f878bf45d732961965aff5d008"
        },
        {
            "name": "advanced-custom-fields-pro",
            "src": "git@github.com:dxw-wordpress-plugins/advanced-custom-fields-pro",
            "revision": "7702a019b8f254bedd1c9f7132554bee53ed62a2"
        }
    ]
}
