{
    "hash": "64778640d5b58ae1c914a29e7a3cb8848f913027",
    "plugins": [
        {
            "name": "akismet",
            "src": "git@github.com:dxw-wordpress-plugins/akismet",
            "revision": "2322b839069dfe2726b3dc1566d540a3c6608eeb"
        },
        {
            "name": "advanced-custom-fields-pro",
            "src": "git@github.com:dxw-wordpress-plugins/advanced-custom-fields-pro",
            "revision": "abdd0897141a69679fb172b3f45401b48cad57e9"
        }
    ]
}
